// !$*UTF8*$!
{
	archiveVersion = 1;
	classes = {
	};
	objectVersion = 46;
	objects = {

/* Begin PBXBuildFile section */
		6C8B6D5D1D865489004C8814 /* main.m in Sources */ = {isa = PBXBuildFile; fileRef = 6C8B6D5C1D865489004C8814 /* main.m */; };
		6C8B6D601D865489004C8814 /* AppDelegate.m in Sources */ = {isa = PBXBuildFile; fileRef = 6C8B6D5F1D865489004C8814 /* AppDelegate.m */; };
		6C8B6D631D865489004C8814 /* ViewController.m in Sources */ = {isa = PBXBuildFile; fileRef = 6C8B6D621D865489004C8814 /* ViewController.m */; };
		6C8B6D661D865489004C8814 /* Main.storyboard in Resources */ = {isa = PBXBuildFile; fileRef = 6C8B6D641D865489004C8814 /* Main.storyboard */; };
		6C8B6D681D865489004C8814 /* Assets.xcassets in Resources */ = {isa = PBXBuildFile; fileRef = 6C8B6D671D865489004C8814 /* Assets.xcassets */; };
		6C8B6D6B1D865489004C8814 /* LaunchScreen.storyboard in Resources */ = {isa = PBXBuildFile; fileRef = 6C8B6D691D865489004C8814 /* LaunchScreen.storyboard */; };
		6C8B6D961D8654B2004C8814 /* XNAppInfo.m in Sources */ = {isa = PBXBuildFile; fileRef = 6C8B6D751D8654B2004C8814 /* XNAppInfo.m */; };
		6C8B6D971D8654B2004C8814 /* NSURL+XNToolKit.m in Sources */ = {isa = PBXBuildFile; fileRef = 6C8B6D781D8654B2004C8814 /* NSURL+XNToolKit.m */; };
		6C8B6D981D8654B2004C8814 /* UIColor+XNToolKit.m in Sources */ = {isa = PBXBuildFile; fileRef = 6C8B6D7A1D8654B2004C8814 /* UIColor+XNToolKit.m */; };
		6C8B6D991D8654B2004C8814 /* UIFont+XNToolKit.m in Sources */ = {isa = PBXBuildFile; fileRef = 6C8B6D7C1D8654B2004C8814 /* UIFont+XNToolKit.m */; };
		6C8B6D9A1D8654B2004C8814 /* UIImage+XNToolKit.m in Sources */ = {isa = PBXBuildFile; fileRef = 6C8B6D7E1D8654B2004C8814 /* UIImage+XNToolKit.m */; };
		6C8B6D9B1D8654B2004C8814 /* XNJson.m in Sources */ = {isa = PBXBuildFile; fileRef = 6C8B6D801D8654B2004C8814 /* XNJson.m */; };
		6C8B6D9C1D8654B2004C8814 /* XNBaseContract.m in Sources */ = {isa = PBXBuildFile; fileRef = 6C8B6D831D8654B2004C8814 /* XNBaseContract.m */; };
		6C8B6DA01D8654B2004C8814 /* XNBaseNavigationController.m in Sources */ = {isa = PBXBuildFile; fileRef = 6C8B6D911D8654B2004C8814 /* XNBaseNavigationController.m */; };
		6C8B6DA11D8654B2004C8814 /* XNSeparatorLineTableViewCell.m in Sources */ = {isa = PBXBuildFile; fileRef = 6C8B6D941D8654B2004C8814 /* XNSeparatorLineTableViewCell.m */; };
		6C8B6DA41D865693004C8814 /* XNBaseModel.m in Sources */ = {isa = PBXBuildFile; fileRef = 6C8B6DA31D865693004C8814 /* XNBaseModel.m */; };
/* End PBXBuildFile section */

/* Begin PBXFileReference section */
		6C8B6D581D865489004C8814 /* XNToolKit-Example.app */ = {isa = PBXFileReference; explicitFileType = wrapper.application; includeInIndex = 0; path = "XNToolKit-Example.app"; sourceTree = BUILT_PRODUCTS_DIR; };
		6C8B6D5C1D865489004C8814 /* main.m */ = {isa = PBXFileReference; lastKnownFileType = sourcecode.c.objc; path = main.m; sourceTree = "<group>"; };
		6C8B6D5E1D865489004C8814 /* AppDelegate.h */ = {isa = PBXFileReference; lastKnownFileType = sourcecode.c.h; path = AppDelegate.h; sourceTree = "<group>"; };
		6C8B6D5F1D865489004C8814 /* AppDelegate.m */ = {isa = PBXFileReference; lastKnownFileType = sourcecode.c.objc; path = AppDelegate.m; sourceTree = "<group>"; };
		6C8B6D611D865489004C8814 /* ViewController.h */ = {isa = PBXFileReference; lastKnownFileType = sourcecode.c.h; path = ViewController.h; sourceTree = "<group>"; };
		6C8B6D621D865489004C8814 /* ViewController.m */ = {isa = PBXFileReference; lastKnownFileType = sourcecode.c.objc; path = ViewController.m; sourceTree = "<group>"; };
		6C8B6D651D865489004C8814 /* Base */ = {isa = PBXFileReference; lastKnownFileType = file.storyboard; name = Base; path = Base.lproj/Main.storyboard; sourceTree = "<group>"; };
		6C8B6D671D865489004C8814 /* Assets.xcassets */ = {isa = PBXFileReference; lastKnownFileType = folder.assetcatalog; path = Assets.xcassets; sourceTree = "<group>"; };
		6C8B6D6A1D865489004C8814 /* Base */ = {isa = PBXFileReference; lastKnownFileType = file.storyboard; name = Base; path = Base.lproj/LaunchScreen.storyboard; sourceTree = "<group>"; };
		6C8B6D6C1D865489004C8814 /* Info.plist */ = {isa = PBXFileReference; lastKnownFileType = text.plist.xml; path = Info.plist; sourceTree = "<group>"; };
		6C8B6D741D8654B2004C8814 /* XNAppInfo.h */ = {isa = PBXFileReference; fileEncoding = 4; lastKnownFileType = sourcecode.c.h; path = XNAppInfo.h; sourceTree = "<group>"; };
		6C8B6D751D8654B2004C8814 /* XNAppInfo.m */ = {isa = PBXFileReference; fileEncoding = 4; lastKnownFileType = sourcecode.c.objc; path = XNAppInfo.m; sourceTree = "<group>"; };
		6C8B6D771D8654B2004C8814 /* NSURL+XNToolKit.h */ = {isa = PBXFileReference; fileEncoding = 4; lastKnownFileType = sourcecode.c.h; path = "NSURL+XNToolKit.h"; sourceTree = "<group>"; };
		6C8B6D781D8654B2004C8814 /* NSURL+XNToolKit.m */ = {isa = PBXFileReference; fileEncoding = 4; lastKnownFileType = sourcecode.c.objc; path = "NSURL+XNToolKit.m"; sourceTree = "<group>"; };
		6C8B6D791D8654B2004C8814 /* UIColor+XNToolKit.h */ = {isa = PBXFileReference; fileEncoding = 4; lastKnownFileType = sourcecode.c.h; path = "UIColor+XNToolKit.h"; sourceTree = "<group>"; };
		6C8B6D7A1D8654B2004C8814 /* UIColor+XNToolKit.m */ = {isa = PBXFileReference; fileEncoding = 4; lastKnownFileType = sourcecode.c.objc; path = "UIColor+XNToolKit.m"; sourceTree = "<group>"; };
		6C8B6D7B1D8654B2004C8814 /* UIFont+XNToolKit.h */ = {isa = PBXFileReference; fileEncoding = 4; lastKnownFileType = sourcecode.c.h; path = "UIFont+XNToolKit.h"; sourceTree = "<group>"; };
		6C8B6D7C1D8654B2004C8814 /* UIFont+XNToolKit.m */ = {isa = PBXFileReference; fileEncoding = 4; lastKnownFileType = sourcecode.c.objc; path = "UIFont+XNToolKit.m"; sourceTree = "<group>"; };
		6C8B6D7D1D8654B2004C8814 /* UIImage+XNToolKit.h */ = {isa = PBXFileReference; fileEncoding = 4; lastKnownFileType = sourcecode.c.h; path = "UIImage+XNToolKit.h"; sourceTree = "<group>"; };
		6C8B6D7E1D8654B2004C8814 /* UIImage+XNToolKit.m */ = {isa = PBXFileReference; fileEncoding = 4; lastKnownFileType = sourcecode.c.objc; path = "UIImage+XNToolKit.m"; sourceTree = "<group>"; };
		6C8B6D7F1D8654B2004C8814 /* XNJson.h */ = {isa = PBXFileReference; fileEncoding = 4; lastKnownFileType = sourcecode.c.h; path = XNJson.h; sourceTree = "<group>"; };
		6C8B6D801D8654B2004C8814 /* XNJson.m */ = {isa = PBXFileReference; fileEncoding = 4; lastKnownFileType = sourcecode.c.objc; path = XNJson.m; sourceTree = "<group>"; };
		6C8B6D821D8654B2004C8814 /* XNBaseContract.h */ = {isa = PBXFileReference; fileEncoding = 4; lastKnownFileType = sourcecode.c.h; path = XNBaseContract.h; sourceTree = "<group>"; };
		6C8B6D831D8654B2004C8814 /* XNBaseContract.m */ = {isa = PBXFileReference; fileEncoding = 4; lastKnownFileType = sourcecode.c.objc; path = XNBaseContract.m; sourceTree = "<group>"; };
		6C8B6D8B1D8654B2004C8814 /* XNDevice.h */ = {isa = PBXFileReference; fileEncoding = 4; lastKnownFileType = sourcecode.c.h; path = XNDevice.h; sourceTree = "<group>"; };
		6C8B6D8C1D8654B2004C8814 /* XNHelperDefine.h */ = {isa = PBXFileReference; fileEncoding = 4; lastKnownFileType = sourcecode.c.h; path = XNHelperDefine.h; sourceTree = "<group>"; };
		6C8B6D8D1D8654B2004C8814 /* XNScreenDefine.h */ = {isa = PBXFileReference; fileEncoding = 4; lastKnownFileType = sourcecode.c.h; path = XNScreenDefine.h; sourceTree = "<group>"; };
		6C8B6D901D8654B2004C8814 /* XNBaseNavigationController.h */ = {isa = PBXFileReference; fileEncoding = 4; lastKnownFileType = sourcecode.c.h; path = XNBaseNavigationController.h; sourceTree = "<group>"; };
		6C8B6D911D8654B2004C8814 /* XNBaseNavigationController.m */ = {isa = PBXFileReference; fileEncoding = 4; lastKnownFileType = sourcecode.c.objc; path = XNBaseNavigationController.m; sourceTree = "<group>"; };
		6C8B6D931D8654B2004C8814 /* XNSeparatorLineTableViewCell.h */ = {isa = PBXFileReference; fileEncoding = 4; lastKnownFileType = sourcecode.c.h; path = XNSeparatorLineTableViewCell.h; sourceTree = "<group>"; };
		6C8B6D941D8654B2004C8814 /* XNSeparatorLineTableViewCell.m */ = {isa = PBXFileReference; fileEncoding = 4; lastKnownFileType = sourcecode.c.objc; path = XNSeparatorLineTableViewCell.m; sourceTree = "<group>"; };
		6C8B6D951D8654B2004C8814 /* XNToolKit.h */ = {isa = PBXFileReference; fileEncoding = 4; lastKnownFileType = sourcecode.c.h; path = XNToolKit.h; sourceTree = "<group>"; };
		6C8B6DA21D865693004C8814 /* XNBaseModel.h */ = {isa = PBXFileReference; fileEncoding = 4; lastKnownFileType = sourcecode.c.h; path = XNBaseModel.h; sourceTree = "<group>"; };
		6C8B6DA31D865693004C8814 /* XNBaseModel.m */ = {isa = PBXFileReference; fileEncoding = 4; lastKnownFileType = sourcecode.c.objc; path = XNBaseModel.m; sourceTree = "<group>"; };
/* End PBXFileReference section */

/* Begin PBXFrameworksBuildPhase section */
		6C8B6D551D865489004C8814 /* Frameworks */ = {
			isa = PBXFrameworksBuildPhase;
			buildActionMask = 2147483647;
			files = (
			);
			runOnlyForDeploymentPostprocessing = 0;
		};
/* End PBXFrameworksBuildPhase section */

/* Begin PBXGroup section */
		6C8B6D4F1D865489004C8814 = {
			isa = PBXGroup;
			children = (
				6C8B6D721D8654B2004C8814 /* XNToolKit */,
				6C8B6D5A1D865489004C8814 /* XNToolKit-Example */,
				6C8B6D591D865489004C8814 /* Products */,
			);
			sourceTree = "<group>";
		};
		6C8B6D591D865489004C8814 /* Products */ = {
			isa = PBXGroup;
			children = (
				6C8B6D581D865489004C8814 /* XNToolKit-Example.app */,
			);
			name = Products;
			sourceTree = "<group>";
		};
		6C8B6D5A1D865489004C8814 /* XNToolKit-Example */ = {
			isa = PBXGroup;
			children = (
				6C8B6D5E1D865489004C8814 /* AppDelegate.h */,
				6C8B6D5F1D865489004C8814 /* AppDelegate.m */,
				6C8B6D611D865489004C8814 /* ViewController.h */,
				6C8B6D621D865489004C8814 /* ViewController.m */,
				6C8B6D641D865489004C8814 /* Main.storyboard */,
				6C8B6D671D865489004C8814 /* Assets.xcassets */,
				6C8B6D691D865489004C8814 /* LaunchScreen.storyboard */,
				6C8B6D6C1D865489004C8814 /* Info.plist */,
				6C8B6D5B1D865489004C8814 /* Supporting Files */,
			);
			path = "XNToolKit-Example";
			sourceTree = "<group>";
		};
		6C8B6D5B1D865489004C8814 /* Supporting Files */ = {
			isa = PBXGroup;
			children = (
				6C8B6D5C1D865489004C8814 /* main.m */,
			);
			name = "Supporting Files";
			sourceTree = "<group>";
		};
		6C8B6D721D8654B2004C8814 /* XNToolKit */ = {
			isa = PBXGroup;
			children = (
				6C8B6D731D8654B2004C8814 /* AppInfo */,
				6C8B6D761D8654B2004C8814 /* Category */,
				6C8B6D811D8654B2004C8814 /* Contract */,
				6C8B6D8A1D8654B2004C8814 /* Define */,
				6C8B6D8E1D8654B2004C8814 /* UI */,
				6C8B6D951D8654B2004C8814 /* XNToolKit.h */,
			);
			path = XNToolKit;
			sourceTree = "<group>";
		};
		6C8B6D731D8654B2004C8814 /* AppInfo */ = {
			isa = PBXGroup;
			children = (
				6C8B6D741D8654B2004C8814 /* XNAppInfo.h */,
				6C8B6D751D8654B2004C8814 /* XNAppInfo.m */,
			);
			path = AppInfo;
			sourceTree = "<group>";
		};
		6C8B6D761D8654B2004C8814 /* Category */ = {
			isa = PBXGroup;
			children = (
				6C8B6D771D8654B2004C8814 /* NSURL+XNToolKit.h */,
				6C8B6D781D8654B2004C8814 /* NSURL+XNToolKit.m */,
				6C8B6D791D8654B2004C8814 /* UIColor+XNToolKit.h */,
				6C8B6D7A1D8654B2004C8814 /* UIColor+XNToolKit.m */,
				6C8B6D7B1D8654B2004C8814 /* UIFont+XNToolKit.h */,
				6C8B6D7C1D8654B2004C8814 /* UIFont+XNToolKit.m */,
				6C8B6D7D1D8654B2004C8814 /* UIImage+XNToolKit.h */,
				6C8B6D7E1D8654B2004C8814 /* UIImage+XNToolKit.m */,
				6C8B6D7F1D8654B2004C8814 /* XNJson.h */,
				6C8B6D801D8654B2004C8814 /* XNJson.m */,
			);
			path = Category;
			sourceTree = "<group>";
		};
		6C8B6D811D8654B2004C8814 /* Contract */ = {
			isa = PBXGroup;
			children = (
				6C8B6DA21D865693004C8814 /* XNBaseModel.h */,
				6C8B6DA31D865693004C8814 /* XNBaseModel.m */,
				6C8B6D821D8654B2004C8814 /* XNBaseContract.h */,
				6C8B6D831D8654B2004C8814 /* XNBaseContract.m */,
			);
			path = Contract;
			sourceTree = "<group>";
		};
		6C8B6D8A1D8654B2004C8814 /* Define */ = {
			isa = PBXGroup;
			children = (
				6C8B6D8B1D8654B2004C8814 /* XNDevice.h */,
				6C8B6D8C1D8654B2004C8814 /* XNHelperDefine.h */,
				6C8B6D8D1D8654B2004C8814 /* XNScreenDefine.h */,
			);
			path = Define;
			sourceTree = "<group>";
		};
		6C8B6D8E1D8654B2004C8814 /* UI */ = {
			isa = PBXGroup;
			children = (
				6C8B6D8F1D8654B2004C8814 /* NavigationController */,
				6C8B6D921D8654B2004C8814 /* TableViewCell */,
			);
			path = UI;
			sourceTree = "<group>";
		};
		6C8B6D8F1D8654B2004C8814 /* NavigationController */ = {
			isa = PBXGroup;
			children = (
				6C8B6D901D8654B2004C8814 /* XNBaseNavigationController.h */,
				6C8B6D911D8654B2004C8814 /* XNBaseNavigationController.m */,
			);
			path = NavigationController;
			sourceTree = "<group>";
		};
		6C8B6D921D8654B2004C8814 /* TableViewCell */ = {
			isa = PBXGroup;
			children = (
				6C8B6D931D8654B2004C8814 /* XNSeparatorLineTableViewCell.h */,
				6C8B6D941D8654B2004C8814 /* XNSeparatorLineTableViewCell.m */,
			);
			path = TableViewCell;
			sourceTree = "<group>";
		};
/* End PBXGroup section */

/* Begin PBXNativeTarget section */
		6C8B6D571D865489004C8814 /* XNToolKit-Example */ = {
			isa = PBXNativeTarget;
			buildConfigurationList = 6C8B6D6F1D865489004C8814 /* Build configuration list for PBXNativeTarget "XNToolKit-Example" */;
			buildPhases = (
				6C8B6D541D865489004C8814 /* Sources */,
				6C8B6D551D865489004C8814 /* Frameworks */,
				6C8B6D561D865489004C8814 /* Resources */,
			);
			buildRules = (
			);
			dependencies = (
			);
			name = "XNToolKit-Example";
			productName = "XNToolKit-Example";
			productReference = 6C8B6D581D865489004C8814 /* XNToolKit-Example.app */;
			productType = "com.apple.product-type.application";
		};
/* End PBXNativeTarget section */

/* Begin PBXProject section */
		6C8B6D501D865489004C8814 /* Project object */ = {
			isa = PBXProject;
			attributes = {
				LastUpgradeCheck = 0730;
				ORGANIZATIONNAME = Jiabao;
				TargetAttributes = {
					6C8B6D571D865489004C8814 = {
						CreatedOnToolsVersion = 7.3.1;
					};
				};
			};
			buildConfigurationList = 6C8B6D531D865489004C8814 /* Build configuration list for PBXProject "XNToolKit-Example" */;
			compatibilityVersion = "Xcode 3.2";
			developmentRegion = English;
			hasScannedForEncodings = 0;
			knownRegions = (
				en,
				Base,
			);
			mainGroup = 6C8B6D4F1D865489004C8814;
			productRefGroup = 6C8B6D591D865489004C8814 /* Products */;
			projectDirPath = "";
			projectRoot = "";
			targets = (
				6C8B6D571D865489004C8814 /* XNToolKit-Example */,
			);
		};
/* End PBXProject section */

/* Begin PBXResourcesBuildPhase section */
		6C8B6D561D865489004C8814 /* Resources */ = {
			isa = PBXResourcesBuildPhase;
			buildActionMask = 2147483647;
			files = (
				6C8B6D6B1D865489004C8814 /* LaunchScreen.storyboard in Resources */,
				6C8B6D681D865489004C8814 /* Assets.xcassets in Resources */,
				6C8B6D661D865489004C8814 /* Main.storyboard in Resources */,
			);
			runOnlyForDeploymentPostprocessing = 0;
		};
/* End PBXResourcesBuildPhase section */

/* Begin PBXSourcesBuildPhase section */
		6C8B6D541D865489004C8814 /* Sources */ = {
			isa = PBXSourcesBuildPhase;
			buildActionMask = 2147483647;
			files = (
				6C8B6DA11D8654B2004C8814 /* XNSeparatorLineTableViewCell.m in Sources */,
				6C8B6D9C1D8654B2004C8814 /* XNBaseContract.m in Sources */,
				6C8B6D991D8654B2004C8814 /* UIFont+XNToolKit.m in Sources */,
				6C8B6D981D8654B2004C8814 /* UIColor+XNToolKit.m in Sources */,
				6C8B6D631D865489004C8814 /* ViewController.m in Sources */,
				6C8B6D961D8654B2004C8814 /* XNAppInfo.m in Sources */,
				6C8B6D601D865489004C8814 /* AppDelegate.m in Sources */,
				6C8B6D971D8654B2004C8814 /* NSURL+XNToolKit.m in Sources */,
				6C8B6DA41D865693004C8814 /* XNBaseModel.m in Sources */,
				6C8B6D9B1D8654B2004C8814 /* XNJson.m in Sources */,
				6C8B6D9A1D8654B2004C8814 /* UIImage+XNToolKit.m in Sources */,
				6C8B6DA01D8654B2004C8814 /* XNBaseNavigationController.m in Sources */,
				6C8B6D5D1D865489004C8814 /* main.m in Sources */,
			);
			runOnlyForDeploymentPostprocessing = 0;
		};
/* End PBXSourcesBuildPhase section */

/* Begin PBXVariantGroup section */
		6C8B6D641D865489004C8814 /* Main.storyboard */ = {
			isa = PBXVariantGroup;
			children = (
				6C8B6D651D865489004C8814 /* Base */,
			);
			name = Main.storyboard;
			sourceTree = "<group>";
		};
		6C8B6D691D865489004C8814 /* LaunchScreen.storyboard */ = {
			isa = PBXVariantGroup;
			children = (
				6C8B6D6A1D865489004C8814 /* Base */,
			);
			name = LaunchScreen.storyboard;
			sourceTree = "<group>";
		};
/* End PBXVariantGroup section */

/* Begin XCBuildConfiguration section */
		6C8B6D6D1D865489004C8814 /* Debug */ = {
			isa = XCBuildConfiguration;
			buildSettings = {
				ALWAYS_SEARCH_USER_PATHS = NO;
				CLANG_ANALYZER_NONNULL = YES;
				CLANG_CXX_LANGUAGE_STANDARD = "gnu++0x";
				CLANG_CXX_LIBRARY = "libc++";
				CLANG_ENABLE_MODULES = YES;
				CLANG_ENABLE_OBJC_ARC = YES;
				CLANG_WARN_BOOL_CONVERSION = YES;
				CLANG_WARN_CONSTANT_CONVERSION = YES;
				CLANG_WARN_DIRECT_OBJC_ISA_USAGE = YES_ERROR;
				CLANG_WARN_EMPTY_BODY = YES;
				CLANG_WARN_ENUM_CONVERSION = YES;
				CLANG_WARN_INT_CONVERSION = YES;
				CLANG_WARN_OBJC_ROOT_CLASS = YES_ERROR;
				CLANG_WARN_UNREACHABLE_CODE = YES;
				CLANG_WARN__DUPLICATE_METHOD_MATCH = YES;
				"CODE_SIGN_IDENTITY[sdk=iphoneos*]" = "iPhone Developer";
				COPY_PHASE_STRIP = NO;
				DEBUG_INFORMATION_FORMAT = dwarf;
				ENABLE_STRICT_OBJC_MSGSEND = YES;
				ENABLE_TESTABILITY = YES;
				GCC_C_LANGUAGE_STANDARD = gnu99;
				GCC_DYNAMIC_NO_PIC = NO;
				GCC_NO_COMMON_BLOCKS = YES;
				GCC_OPTIMIZATION_LEVEL = 0;
				GCC_PREPROCESSOR_DEFINITIONS = (
					"DEBUG=1",
					"$(inherited)",
				);
				GCC_WARN_64_TO_32_BIT_CONVERSION = YES;
				GCC_WARN_ABOUT_RETURN_TYPE = YES_ERROR;
				GCC_WARN_UNDECLARED_SELECTOR = YES;
				GCC_WARN_UNINITIALIZED_AUTOS = YES_AGGRESSIVE;
				GCC_WARN_UNUSED_FUNCTION = YES;
				GCC_WARN_UNUSED_VARIABLE = YES;
				IPHONEOS_DEPLOYMENT_TARGET = 9.3;
				MTL_ENABLE_DEBUG_INFO = YES;
				ONLY_ACTIVE_ARCH = YES;
				SDKROOT = iphoneos;
			};
			name = Debug;
		};
		6C8B6D6E1D865489004C8814 /* Release */ = {
			isa = XCBuildConfiguration;
			buildSettings = {
				ALWAYS_SEARCH_USER_PATHS = NO;
				CLANG_ANALYZER_NONNULL = YES;
				CLANG_CXX_LANGUAGE_STANDARD = "gnu++0x";
				CLANG_CXX_LIBRARY = "libc++";
				CLANG_ENABLE_MODULES = YES;
				CLANG_ENABLE_OBJC_ARC = YES;
				CLANG_WARN_BOOL_CONVERSION = YES;
				CLANG_WARN_CONSTANT_CONVERSION = YES;
				CLANG_WARN_DIRECT_OBJC_ISA_USAGE = YES_ERROR;
				CLANG_WARN_EMPTY_BODY = YES;
				CLANG_WARN_ENUM_CONVERSION = YES;
				CLANG_WARN_INT_CONVERSION = YES;
				CLANG_WARN_OBJC_ROOT_CLASS = YES_ERROR;
				CLANG_WARN_UNREACHABLE_CODE = YES;
				CLANG_WARN__DUPLICATE_METHOD_MATCH = YES;
				"CODE_SIGN_IDENTITY[sdk=iphoneos*]" = "iPhone Developer";
				COPY_PHASE_STRIP = NO;
				DEBUG_INFORMATION_FORMAT = "dwarf-with-dsym";
				ENABLE_NS_ASSERTIONS = NO;
				ENABLE_STRICT_OBJC_MSGSEND = YES;
				GCC_C_LANGUAGE_STANDARD = gnu99;
				GCC_NO_COMMON_BLOCKS = YES;
				GCC_WARN_64_TO_32_BIT_CONVERSION = YES;
				GCC_WARN_ABOUT_RETURN_TYPE = YES_ERROR;
				GCC_WARN_UNDECLARED_SELECTOR = YES;
				GCC_WARN_UNINITIALIZED_AUTOS = YES_AGGRESSIVE;
				GCC_WARN_UNUSED_FUNCTION = YES;
				GCC_WARN_UNUSED_VARIABLE = YES;
				IPHONEOS_DEPLOYMENT_TARGET = 9.3;
				MTL_ENABLE_DEBUG_INFO = NO;
				SDKROOT = iphoneos;
				VALIDATE_PRODUCT = YES;
			};
			name = Release;
		};
		6C8B6D701D865489004C8814 /* Debug */ = {
			isa = XCBuildConfiguration;
			buildSettings = {
				ASSETCATALOG_COMPILER_APPICON_NAME = AppIcon;
				INFOPLIST_FILE = "XNToolKit-Example/Info.plist";
				LD_RUNPATH_SEARCH_PATHS = "$(inherited) @executable_path/Frameworks";
				PRODUCT_BUNDLE_IDENTIFIER = "com.Jiabao.XNToolKit-Example";
				PRODUCT_NAME = "$(TARGET_NAME)";
			};
			name = Debug;
		};
		6C8B6D711D865489004C8814 /* Release */ = {
			isa = XCBuildConfiguration;
			buildSettings = {
				ASSETCATALOG_COMPILER_APPICON_NAME = AppIcon;
				INFOPLIST_FILE = "XNToolKit-Example/Info.plist";
				LD_RUNPATH_SEARCH_PATHS = "$(inherited) @executable_path/Frameworks";
				PRODUCT_BUNDLE_IDENTIFIER = "com.Jiabao.XNToolKit-Example";
				PRODUCT_NAME = "$(TARGET_NAME)";
			};
			name = Release;
		};
/* End XCBuildConfiguration section */

/* Begin XCConfigurationList section */
		6C8B6D531D865489004C8814 /* Build configuration list for PBXProject "XNToolKit-Example" */ = {
			isa = XCConfigurationList;
			buildConfigurations = (
				6C8B6D6D1D865489004C8814 /* Debug */,
				6C8B6D6E1D865489004C8814 /* Release */,
			);
			defaultConfigurationIsVisible = 0;
			defaultConfigurationName = Release;
		};
		6C8B6D6F1D865489004C8814 /* Build configuration list for PBXNativeTarget "XNToolKit-Example" */ = {
			isa = XCConfigurationList;
			buildConfigurations = (
				6C8B6D701D865489004C8814 /* Debug */,
				6C8B6D711D865489004C8814 /* Release */,
			);
			defaultConfigurationIsVisible = 0;
			defaultConfigurationName = Release;
		};
/* End XCConfigurationList section */
	};
	rootObject = 6C8B6D501D865489004C8814 /* Project object */;
}
